
Microsoft Visual Studio Solution File, Format Version 12.00
# Visual Studio 14
VisualStudioVersion = 14.0.25123.0
MinimumVisualStudioVersion = 10.0.40219.1
Project("{FAE04EC0-301F-11D3-BF4B-00C04F79EFBC}") = "PrimeTestApp", "PrimeTestApp\PrimeTestApp.csproj", "{7BFA90D1-4DBE-4346-85C1-8E20C22A5545}"
EndProject
Project("{FAE04EC0-301F-11D3-BF4B-00C04F79EFBC}") = "PrimeTestApp.Tests", "PrimeTestApp.Tests\PrimeTestApp.Tests.csproj", "{1757AC8A-0942-49E9-9C7E-6AB4737B7292}"
EndProject
Global
	GlobalSection(SolutionConfigurationPlatforms) = preSolution
		Debug|Any CPU = Debug|Any CPU
		Release|Any CPU = Release|Any CPU
	EndGlobalSection
	GlobalSection(ProjectConfigurationPlatforms) = postSolution
		{7BFA90D1-4DBE-4346-85C1-8E20C22A5545}.Debug|Any CPU.ActiveCfg = Debug|Any CPU
		{7BFA90D1-4DBE-4346-85C1-8E20C22A5545}.Debug|Any CPU.Build.0 = Debug|Any CPU
		{7BFA90D1-4DBE-4346-85C1-8E20C22A5545}.Release|Any CPU.ActiveCfg = Release|Any CPU
		{7BFA90D1-4DBE-4346-85C1-8E20C22A5545}.Release|Any CPU.Build.0 = Release|Any CPU
		{1757AC8A-0942-49E9-9C7E-6AB4737B7292}.Debug|Any CPU.ActiveCfg = Debug|Any CPU
		{1757AC8A-0942-49E9-9C7E-6AB4737B7292}.Debug|Any CPU.Build.0 = Debug|Any CPU
		{1757AC8A-0942-49E9-9C7E-6AB4737B7292}.Release|Any CPU.ActiveCfg = Release|Any CPU
		{1757AC8A-0942-49E9-9C7E-6AB4737B7292}.Release|Any CPU.Build.0 = Release|Any CPU
	EndGlobalSection
	GlobalSection(SolutionProperties) = preSolution
		HideSolutionNode = FALSE
	EndGlobalSection
EndGlobal
